// !$*UTF8*$!
{
	archiveVersion = 1;
	classes = {
	};
	objectVersion = 46;
	objects = {

/* Begin PBXBuildFile section */
		1D764CC91967114F00AA80B8 /* Foundation.framework in Frameworks */ = {isa = PBXBuildFile; fileRef = 1D764CC81967114F00AA80B8 /* Foundation.framework */; };
		1D764CCB1967114F00AA80B8 /* CoreGraphics.framework in Frameworks */ = {isa = PBXBuildFile; fileRef = 1D764CCA1967114F00AA80B8 /* CoreGraphics.framework */; };
		1D764CCD1967114F00AA80B8 /* UIKit.framework in Frameworks */ = {isa = PBXBuildFile; fileRef = 1D764CCC1967114F00AA80B8 /* UIKit.framework */; };
		1D764CD31967114F00AA80B8 /* InfoPlist.strings in Resources */ = {isa = PBXBuildFile; fileRef = 1D764CD11967114F00AA80B8 /* InfoPlist.strings */; };
		1D764CD51967114F00AA80B8 /* main.m in Sources */ = {isa = PBXBuildFile; fileRef = 1D764CD41967114F00AA80B8 /* main.m */; };
		1D764CD91967114F00AA80B8 /* CRAppDelegate.m in Sources */ = {isa = PBXBuildFile; fileRef = 1D764CD81967114F00AA80B8 /* CRAppDelegate.m */; };
		1D764CDB1967114F00AA80B8 /* Images.xcassets in Resources */ = {isa = PBXBuildFile; fileRef = 1D764CDA1967114F00AA80B8 /* Images.xcassets */; };
		1D764CE21967114F00AA80B8 /* XCTest.framework in Frameworks */ = {isa = PBXBuildFile; fileRef = 1D764CE11967114F00AA80B8 /* XCTest.framework */; };
		1D764CE31967114F00AA80B8 /* Foundation.framework in Frameworks */ = {isa = PBXBuildFile; fileRef = 1D764CC81967114F00AA80B8 /* Foundation.framework */; };
		1D764CE41967114F00AA80B8 /* UIKit.framework in Frameworks */ = {isa = PBXBuildFile; fileRef = 1D764CCC1967114F00AA80B8 /* UIKit.framework */; };
		1D764CEC1967114F00AA80B8 /* InfoPlist.strings in Resources */ = {isa = PBXBuildFile; fileRef = 1D764CEA1967114F00AA80B8 /* InfoPlist.strings */; };
		1D764CEE1967114F00AA80B8 /* ConceptualMapTests.m in Sources */ = {isa = PBXBuildFile; fileRef = 1D764CED1967114F00AA80B8 /* ConceptualMapTests.m */; };
		1D764D001967120D00AA80B8 /* CRMap.m in Sources */ = {isa = PBXBuildFile; fileRef = 1D764CFF1967120D00AA80B8 /* CRMap.m */; };
		1D764D031967132B00AA80B8 /* CRFigure.m in Sources */ = {isa = PBXBuildFile; fileRef = 1D764D021967132B00AA80B8 /* CRFigure.m */; };
		1D764D071967164000AA80B8 /* CRSquare.m in Sources */ = {isa = PBXBuildFile; fileRef = 1D764D061967164000AA80B8 /* CRSquare.m */; };
		1D764D0B1967199F00AA80B8 /* CRCircle.m in Sources */ = {isa = PBXBuildFile; fileRef = 1D764D0A1967199F00AA80B8 /* CRCircle.m */; };
		1D764D0F19671CC400AA80B8 /* WorkSpace.storyboard in Resources */ = {isa = PBXBuildFile; fileRef = 1D764D0E19671CC400AA80B8 /* WorkSpace.storyboard */; };
		1D764D1219671D1F00AA80B8 /* CRMapWorkSapceViewController.m in Sources */ = {isa = PBXBuildFile; fileRef = 1D764D1119671D1F00AA80B8 /* CRMapWorkSapceViewController.m */; };
		1D764D1519671EF600AA80B8 /* CRCustomFigureView.m in Sources */ = {isa = PBXBuildFile; fileRef = 1D764D1419671EF600AA80B8 /* CRCustomFigureView.m */; };
/* End PBXBuildFile section */

/* Begin PBXContainerItemProxy section */
		1D764CE51967114F00AA80B8 /* PBXContainerItemProxy */ = {
			isa = PBXContainerItemProxy;
			containerPortal = 1D764CBD1967114F00AA80B8 /* Project object */;
			proxyType = 1;
			remoteGlobalIDString = 1D764CC41967114F00AA80B8;
			remoteInfo = ConceptualMap;
		};
/* End PBXContainerItemProxy section */

/* Begin PBXFileReference section */
		1D764CC51967114F00AA80B8 /* ConceptualMap.app */ = {isa = PBXFileReference; explicitFileType = wrapper.application; includeInIndex = 0; path = ConceptualMap.app; sourceTree = BUILT_PRODUCTS_DIR; };
		1D764CC81967114F00AA80B8 /* Foundation.framework */ = {isa = PBXFileReference; lastKnownFileType = wrapper.framework; name = Foundation.framework; path = System/Library/Frameworks/Foundation.framework; sourceTree = SDKROOT; };
		1D764CCA1967114F00AA80B8 /* CoreGraphics.framework */ = {isa = PBXFileReference; lastKnownFileType = wrapper.framework; name = CoreGraphics.framework; path = System/Library/Frameworks/CoreGraphics.framework; sourceTree = SDKROOT; };
		1D764CCC1967114F00AA80B8 /* UIKit.framework */ = {isa = PBXFileReference; lastKnownFileType = wrapper.framework; name = UIKit.framework; path = System/Library/Frameworks/UIKit.framework; sourceTree = SDKROOT; };
		1D764CD01967114F00AA80B8 /* ConceptualMap-Info.plist */ = {isa = PBXFileReference; lastKnownFileType = text.plist.xml; path = "ConceptualMap-Info.plist"; sourceTree = "<group>"; };
		1D764CD21967114F00AA80B8 /* en */ = {isa = PBXFileReference; lastKnownFileType = text.plist.strings; name = en; path = en.lproj/InfoPlist.strings; sourceTree = "<group>"; };
		1D764CD41967114F00AA80B8 /* main.m */ = {isa = PBXFileReference; lastKnownFileType = sourcecode.c.objc; path = main.m; sourceTree = "<group>"; };
		1D764CD61967114F00AA80B8 /* ConceptualMap-Prefix.pch */ = {isa = PBXFileReference; lastKnownFileType = sourcecode.c.h; path = "ConceptualMap-Prefix.pch"; sourceTree = "<group>"; };
		1D764CD71967114F00AA80B8 /* CRAppDelegate.h */ = {isa = PBXFileReference; lastKnownFileType = sourcecode.c.h; path = CRAppDelegate.h; sourceTree = "<group>"; };
		1D764CD81967114F00AA80B8 /* CRAppDelegate.m */ = {isa = PBXFileReference; lastKnownFileType = sourcecode.c.objc; path = CRAppDelegate.m; sourceTree = "<group>"; };
		1D764CDA1967114F00AA80B8 /* Images.xcassets */ = {isa = PBXFileReference; lastKnownFileType = folder.assetcatalog; path = Images.xcassets; sourceTree = "<group>"; };
		1D764CE01967114F00AA80B8 /* ConceptualMapTests.xctest */ = {isa = PBXFileReference; explicitFileType = wrapper.cfbundle; includeInIndex = 0; path = ConceptualMapTests.xctest; sourceTree = BUILT_PRODUCTS_DIR; };
		1D764CE11967114F00AA80B8 /* XCTest.framework */ = {isa = PBXFileReference; lastKnownFileType = wrapper.framework; name = XCTest.framework; path = Library/Frameworks/XCTest.framework; sourceTree = DEVELOPER_DIR; };
		1D764CE91967114F00AA80B8 /* ConceptualMapTests-Info.plist */ = {isa = PBXFileReference; lastKnownFileType = text.plist.xml; path = "ConceptualMapTests-Info.plist"; sourceTree = "<group>"; };
		1D764CEB1967114F00AA80B8 /* en */ = {isa = PBXFileReference; lastKnownFileType = text.plist.strings; name = en; path = en.lproj/InfoPlist.strings; sourceTree = "<group>"; };
		1D764CED1967114F00AA80B8 /* ConceptualMapTests.m */ = {isa = PBXFileReference; lastKnownFileType = sourcecode.c.objc; path = ConceptualMapTests.m; sourceTree = "<group>"; };
		1D764CFE1967120D00AA80B8 /* CRMap.h */ = {isa = PBXFileReference; fileEncoding = 4; lastKnownFileType = sourcecode.c.h; path = CRMap.h; sourceTree = "<group>"; };
		1D764CFF1967120D00AA80B8 /* CRMap.m */ = {isa = PBXFileReference; fileEncoding = 4; lastKnownFileType = sourcecode.c.objc; path = CRMap.m; sourceTree = "<group>"; };
		1D764D011967132B00AA80B8 /* CRFigure.h */ = {isa = PBXFileReference; fileEncoding = 4; lastKnownFileType = sourcecode.c.h; path = CRFigure.h; sourceTree = "<group>"; };
		1D764D021967132B00AA80B8 /* CRFigure.m */ = {isa = PBXFileReference; fileEncoding = 4; lastKnownFileType = sourcecode.c.objc; path = CRFigure.m; sourceTree = "<group>"; };
		1D764D04196714DC00AA80B8 /* CRFigureProtocol.h */ = {isa = PBXFileReference; lastKnownFileType = sourcecode.c.h; path = CRFigureProtocol.h; sourceTree = "<group>"; };
		1D764D051967164000AA80B8 /* CRSquare.h */ = {isa = PBXFileReference; fileEncoding = 4; lastKnownFileType = sourcecode.c.h; path = CRSquare.h; sourceTree = "<group>"; };
		1D764D061967164000AA80B8 /* CRSquare.m */ = {isa = PBXFileReference; fileEncoding = 4; lastKnownFileType = sourcecode.c.objc; path = CRSquare.m; sourceTree = "<group>"; };
		1D764D091967199F00AA80B8 /* CRCircle.h */ = {isa = PBXFileReference; fileEncoding = 4; lastKnownFileType = sourcecode.c.h; path = CRCircle.h; sourceTree = "<group>"; };
		1D764D0A1967199F00AA80B8 /* CRCircle.m */ = {isa = PBXFileReference; fileEncoding = 4; lastKnownFileType = sourcecode.c.objc; path = CRCircle.m; sourceTree = "<group>"; };
		1D764D0E19671CC400AA80B8 /* WorkSpace.storyboard */ = {isa = PBXFileReference; fileEncoding = 4; lastKnownFileType = file.storyboard; path = WorkSpace.storyboard; sourceTree = "<group>"; };
		1D764D1019671D1F00AA80B8 /* CRMapWorkSapceViewController.h */ = {isa = PBXFileReference; fileEncoding = 4; lastKnownFileType = sourcecode.c.h; path = CRMapWorkSapceViewController.h; sourceTree = "<group>"; };
		1D764D1119671D1F00AA80B8 /* CRMapWorkSapceViewController.m */ = {isa = PBXFileReference; fileEncoding = 4; lastKnownFileType = sourcecode.c.objc; path = CRMapWorkSapceViewController.m; sourceTree = "<group>"; };
		1D764D1319671EF600AA80B8 /* CRCustomFigureView.h */ = {isa = PBXFileReference; fileEncoding = 4; lastKnownFileType = sourcecode.c.h; path = CRCustomFigureView.h; sourceTree = "<group>"; };
		1D764D1419671EF600AA80B8 /* CRCustomFigureView.m */ = {isa = PBXFileReference; fileEncoding = 4; lastKnownFileType = sourcecode.c.objc; path = CRCustomFigureView.m; sourceTree = "<group>"; };
/* End PBXFileReference section */

/* Begin PBXFrameworksBuildPhase section */
		1D764CC21967114F00AA80B8 /* Frameworks */ = {
			isa = PBXFrameworksBuildPhase;
			buildActionMask = 2147483647;
			files = (
				1D764CCB1967114F00AA80B8 /* CoreGraphics.framework in Frameworks */,
				1D764CCD1967114F00AA80B8 /* UIKit.framework in Frameworks */,
				1D764CC91967114F00AA80B8 /* Foundation.framework in Frameworks */,
			);
			runOnlyForDeploymentPostprocessing = 0;
		};
		1D764CDD1967114F00AA80B8 /* Frameworks */ = {
			isa = PBXFrameworksBuildPhase;
			buildActionMask = 2147483647;
			files = (
				1D764CE21967114F00AA80B8 /* XCTest.framework in Frameworks */,
				1D764CE41967114F00AA80B8 /* UIKit.framework in Frameworks */,
				1D764CE31967114F00AA80B8 /* Foundation.framework in Frameworks */,
			);
			runOnlyForDeploymentPostprocessing = 0;
		};
/* End PBXFrameworksBuildPhase section */

/* Begin PBXGroup section */
		1D764CBC1967114F00AA80B8 = {
			isa = PBXGroup;
			children = (
				1D764CCE1967114F00AA80B8 /* ConceptualMap */,
				1D764CE71967114F00AA80B8 /* ConceptualMapTests */,
				1D764CC71967114F00AA80B8 /* Frameworks */,
				1D764CC61967114F00AA80B8 /* Products */,
			);
			sourceTree = "<group>";
		};
		1D764CC61967114F00AA80B8 /* Products */ = {
			isa = PBXGroup;
			children = (
				1D764CC51967114F00AA80B8 /* ConceptualMap.app */,
				1D764CE01967114F00AA80B8 /* ConceptualMapTests.xctest */,
			);
			name = Products;
			sourceTree = "<group>";
		};
		1D764CC71967114F00AA80B8 /* Frameworks */ = {
			isa = PBXGroup;
			children = (
				1D764CC81967114F00AA80B8 /* Foundation.framework */,
				1D764CCA1967114F00AA80B8 /* CoreGraphics.framework */,
				1D764CCC1967114F00AA80B8 /* UIKit.framework */,
				1D764CE11967114F00AA80B8 /* XCTest.framework */,
			);
			name = Frameworks;
			sourceTree = "<group>";
		};
		1D764CCE1967114F00AA80B8 /* ConceptualMap */ = {
			isa = PBXGroup;
			children = (
				1D764CF81967116900AA80B8 /* Classes */,
				1D764CFD196711CA00AA80B8 /* Resources */,
				1D764CCF1967114F00AA80B8 /* Supporting Files */,
			);
			path = ConceptualMap;
			sourceTree = "<group>";
		};
		1D764CCF1967114F00AA80B8 /* Supporting Files */ = {
			isa = PBXGroup;
			children = (
				1D764CD01967114F00AA80B8 /* ConceptualMap-Info.plist */,
				1D764CD11967114F00AA80B8 /* InfoPlist.strings */,
				1D764CD41967114F00AA80B8 /* main.m */,
				1D764CD61967114F00AA80B8 /* ConceptualMap-Prefix.pch */,
			);
			name = "Supporting Files";
			sourceTree = "<group>";
		};
		1D764CE71967114F00AA80B8 /* ConceptualMapTests */ = {
			isa = PBXGroup;
			children = (
				1D764CED1967114F00AA80B8 /* ConceptualMapTests.m */,
				1D764CE81967114F00AA80B8 /* Supporting Files */,
			);
			path = ConceptualMapTests;
			sourceTree = "<group>";
		};
		1D764CE81967114F00AA80B8 /* Supporting Files */ = {
			isa = PBXGroup;
			children = (
				1D764CE91967114F00AA80B8 /* ConceptualMapTests-Info.plist */,
				1D764CEA1967114F00AA80B8 /* InfoPlist.strings */,
			);
			name = "Supporting Files";
			sourceTree = "<group>";
		};
		1D764CF71967115F00AA80B8 /* Model */ = {
			isa = PBXGroup;
			children = (
				1D764CFE1967120D00AA80B8 /* CRMap.h */,
				1D764CFF1967120D00AA80B8 /* CRMap.m */,
				1D764D081967198700AA80B8 /* Figures */,
			);
			name = Model;
			sourceTree = "<group>";
		};
		1D764CF81967116900AA80B8 /* Classes */ = {
			isa = PBXGroup;
			children = (
				1D764CF91967117500AA80B8 /* Common */,
				1D764CFC1967119500AA80B8 /* AppDelegate */,
				1D764CFA1967118300AA80B8 /* Controller */,
				1D764CF71967115F00AA80B8 /* Model */,
				1D764CFB1967118B00AA80B8 /* View */,
			);
			name = Classes;
			sourceTree = "<group>";
		};
		1D764CF91967117500AA80B8 /* Common */ = {
			isa = PBXGroup;
			children = (
			);
			name = Common;
			sourceTree = "<group>";
		};
		1D764CFA1967118300AA80B8 /* Controller */ = {
			isa = PBXGroup;
			children = (
				1D764D1019671D1F00AA80B8 /* CRMapWorkSapceViewController.h */,
				1D764D1119671D1F00AA80B8 /* CRMapWorkSapceViewController.m */,
			);
			name = Controller;
			sourceTree = "<group>";
		};
		1D764CFB1967118B00AA80B8 /* View */ = {
			isa = PBXGroup;
			children = (
				1D764D0E19671CC400AA80B8 /* WorkSpace.storyboard */,
				1D764D1319671EF600AA80B8 /* CRCustomFigureView.h */,
				1D764D1419671EF600AA80B8 /* CRCustomFigureView.m */,
			);
			name = View;
			sourceTree = "<group>";
		};
		1D764CFC1967119500AA80B8 /* AppDelegate */ = {
			isa = PBXGroup;
			children = (
				1D764CD71967114F00AA80B8 /* CRAppDelegate.h */,
				1D764CD81967114F00AA80B8 /* CRAppDelegate.m */,
			);
			name = AppDelegate;
			sourceTree = "<group>";
		};
		1D764CFD196711CA00AA80B8 /* Resources */ = {
			isa = PBXGroup;
			children = (
				1D764CDA1967114F00AA80B8 /* Images.xcassets */,
			);
			name = Resources;
			sourceTree = "<group>";
		};
		1D764D081967198700AA80B8 /* Figures */ = {
			isa = PBXGroup;
			children = (
				1D764D011967132B00AA80B8 /* CRFigure.h */,
				1D764D021967132B00AA80B8 /* CRFigure.m */,
				1D764D04196714DC00AA80B8 /* CRFigureProtocol.h */,
				1D764D051967164000AA80B8 /* CRSquare.h */,
				1D764D061967164000AA80B8 /* CRSquare.m */,
				1D764D091967199F00AA80B8 /* CRCircle.h */,
				1D764D0A1967199F00AA80B8 /* CRCircle.m */,
			);
			name = Figures;
			sourceTree = "<group>";
		};
/* End PBXGroup section */

/* Begin PBXNativeTarget section */
		1D764CC41967114F00AA80B8 /* ConceptualMap */ = {
			isa = PBXNativeTarget;
			buildConfigurationList = 1D764CF11967114F00AA80B8 /* Build configuration list for PBXNativeTarget "ConceptualMap" */;
			buildPhases = (
				1D764CC11967114F00AA80B8 /* Sources */,
				1D764CC21967114F00AA80B8 /* Frameworks */,
				1D764CC31967114F00AA80B8 /* Resources */,
			);
			buildRules = (
			);
			dependencies = (
			);
			name = ConceptualMap;
			productName = ConceptualMap;
			productReference = 1D764CC51967114F00AA80B8 /* ConceptualMap.app */;
			productType = "com.apple.product-type.application";
		};
		1D764CDF1967114F00AA80B8 /* ConceptualMapTests */ = {
			isa = PBXNativeTarget;
			buildConfigurationList = 1D764CF41967114F00AA80B8 /* Build configuration list for PBXNativeTarget "ConceptualMapTests" */;
			buildPhases = (
				1D764CDC1967114F00AA80B8 /* Sources */,
				1D764CDD1967114F00AA80B8 /* Frameworks */,
				1D764CDE1967114F00AA80B8 /* Resources */,
			);
			buildRules = (
			);
			dependencies = (
				1D764CE61967114F00AA80B8 /* PBXTargetDependency */,
			);
			name = ConceptualMapTests;
			productName = ConceptualMapTests;
			productReference = 1D764CE01967114F00AA80B8 /* ConceptualMapTests.xctest */;
			productType = "com.apple.product-type.bundle.unit-test";
		};
/* End PBXNativeTarget section */

/* Begin PBXProject section */
		1D764CBD1967114F00AA80B8 /* Project object */ = {
			isa = PBXProject;
			attributes = {
				CLASSPREFIX = CR;
				LastUpgradeCheck = 0510;
				ORGANIZATIONNAME = CRoigSalvador;
				TargetAttributes = {
					1D764CDF1967114F00AA80B8 = {
						TestTargetID = 1D764CC41967114F00AA80B8;
					};
				};
			};
			buildConfigurationList = 1D764CC01967114F00AA80B8 /* Build configuration list for PBXProject "ConceptualMap" */;
			compatibilityVersion = "Xcode 3.2";
			developmentRegion = English;
			hasScannedForEncodings = 0;
			knownRegions = (
				en,
			);
			mainGroup = 1D764CBC1967114F00AA80B8;
			productRefGroup = 1D764CC61967114F00AA80B8 /* Products */;
			projectDirPath = "";
			projectRoot = "";
			targets = (
				1D764CC41967114F00AA80B8 /* ConceptualMap */,
				1D764CDF1967114F00AA80B8 /* ConceptualMapTests */,
			);
		};
/* End PBXProject section */

/* Begin PBXResourcesBuildPhase section */
		1D764CC31967114F00AA80B8 /* Resources */ = {
			isa = PBXResourcesBuildPhase;
			buildActionMask = 2147483647;
			files = (
				1D764CD31967114F00AA80B8 /* InfoPlist.strings in Resources */,
				1D764D0F19671CC400AA80B8 /* WorkSpace.storyboard in Resources */,
				1D764CDB1967114F00AA80B8 /* Images.xcassets in Resources */,
			);
			runOnlyForDeploymentPostprocessing = 0;
		};
		1D764CDE1967114F00AA80B8 /* Resources */ = {
			isa = PBXResourcesBuildPhase;
			buildActionMask = 2147483647;
			files = (
				1D764CEC1967114F00AA80B8 /* InfoPlist.strings in Resources */,
			);
			runOnlyForDeploymentPostprocessing = 0;
		};
/* End PBXResourcesBuildPhase section */

/* Begin PBXSourcesBuildPhase section */
		1D764CC11967114F00AA80B8 /* Sources */ = {
			isa = PBXSourcesBuildPhase;
			buildActionMask = 2147483647;
			files = (
				1D764D031967132B00AA80B8 /* CRFigure.m in Sources */,
				1D764D001967120D00AA80B8 /* CRMap.m in Sources */,
				1D764CD51967114F00AA80B8 /* main.m in Sources */,
				1D764CD91967114F00AA80B8 /* CRAppDelegate.m in Sources */,
				1D764D1519671EF600AA80B8 /* CRCustomFigureView.m in Sources */,
				1D764D1219671D1F00AA80B8 /* CRMapWorkSapceViewController.m in Sources */,
				1D764D0B1967199F00AA80B8 /* CRCircle.m in Sources */,
				1D764D071967164000AA80B8 /* CRSquare.m in Sources */,
			);
			runOnlyForDeploymentPostprocessing = 0;
		};
		1D764CDC1967114F00AA80B8 /* Sources */ = {
			isa = PBXSourcesBuildPhase;
			buildActionMask = 2147483647;
			files = (
				1D764CEE1967114F00AA80B8 /* ConceptualMapTests.m in Sources */,
			);
			runOnlyForDeploymentPostprocessing = 0;
		};
/* End PBXSourcesBuildPhase section */

/* Begin PBXTargetDependency section */
		1D764CE61967114F00AA80B8 /* PBXTargetDependency */ = {
			isa = PBXTargetDependency;
			target = 1D764CC41967114F00AA80B8 /* ConceptualMap */;
			targetProxy = 1D764CE51967114F00AA80B8 /* PBXContainerItemProxy */;
		};
/* End PBXTargetDependency section */

/* Begin PBXVariantGroup section */
		1D764CD11967114F00AA80B8 /* InfoPlist.strings */ = {
			isa = PBXVariantGroup;
			children = (
				1D764CD21967114F00AA80B8 /* en */,
			);
			name = InfoPlist.strings;
			sourceTree = "<group>";
		};
		1D764CEA1967114F00AA80B8 /* InfoPlist.strings */ = {
			isa = PBXVariantGroup;
			children = (
				1D764CEB1967114F00AA80B8 /* en */,
			);
			name = InfoPlist.strings;
			sourceTree = "<group>";
		};
/* End PBXVariantGroup section */

/* Begin XCBuildConfiguration section */
		1D764CEF1967114F00AA80B8 /* Debug */ = {
			isa = XCBuildConfiguration;
			buildSettings = {
				ALWAYS_SEARCH_USER_PATHS = NO;
				CLANG_CXX_LANGUAGE_STANDARD = "gnu++0x";
				CLANG_CXX_LIBRARY = "libc++";
				CLANG_ENABLE_MODULES = YES;
				CLANG_ENABLE_OBJC_ARC = YES;
				CLANG_WARN_BOOL_CONVERSION = YES;
				CLANG_WARN_CONSTANT_CONVERSION = YES;
				CLANG_WARN_DIRECT_OBJC_ISA_USAGE = YES_ERROR;
				CLANG_WARN_EMPTY_BODY = YES;
				CLANG_WARN_ENUM_CONVERSION = YES;
				CLANG_WARN_INT_CONVERSION = YES;
				CLANG_WARN_OBJC_ROOT_CLASS = YES_ERROR;
				CLANG_WARN__DUPLICATE_METHOD_MATCH = YES;
				"CODE_SIGN_IDENTITY[sdk=iphoneos*]" = "iPhone Developer";
				COPY_PHASE_STRIP = NO;
				GCC_C_LANGUAGE_STANDARD = gnu99;
				GCC_DYNAMIC_NO_PIC = NO;
				GCC_OPTIMIZATION_LEVEL = 0;
				GCC_PREPROCESSOR_DEFINITIONS = (
					"DEBUG=1",
					"$(inherited)",
				);
				GCC_SYMBOLS_PRIVATE_EXTERN = NO;
				GCC_WARN_64_TO_32_BIT_CONVERSION = YES;
				GCC_WARN_ABOUT_RETURN_TYPE = YES_ERROR;
				GCC_WARN_UNDECLARED_SELECTOR = YES;
				GCC_WARN_UNINITIALIZED_AUTOS = YES_AGGRESSIVE;
				GCC_WARN_UNUSED_FUNCTION = YES;
				GCC_WARN_UNUSED_VARIABLE = YES;
				IPHONEOS_DEPLOYMENT_TARGET = 7.1;
				ONLY_ACTIVE_ARCH = YES;
				SDKROOT = iphoneos;
				TARGETED_DEVICE_FAMILY = 2;
			};
			name = Debug;
		};
		1D764CF01967114F00AA80B8 /* Release */ = {
			isa = XCBuildConfiguration;
			buildSettings = {
				ALWAYS_SEARCH_USER_PATHS = NO;
				CLANG_CXX_LANGUAGE_STANDARD = "gnu++0x";
				CLANG_CXX_LIBRARY = "libc++";
				CLANG_ENABLE_MODULES = YES;
				CLANG_ENABLE_OBJC_ARC = YES;
				CLANG_WARN_BOOL_CONVERSION = YES;
				CLANG_WARN_CONSTANT_CONVERSION = YES;
				CLANG_WARN_DIRECT_OBJC_ISA_USAGE = YES_ERROR;
				CLANG_WARN_EMPTY_BODY = YES;
				CLANG_WARN_ENUM_CONVERSION = YES;
				CLANG_WARN_INT_CONVERSION = YES;
				CLANG_WARN_OBJC_ROOT_CLASS = YES_ERROR;
				CLANG_WARN__DUPLICATE_METHOD_MATCH = YES;
				"CODE_SIGN_IDENTITY[sdk=iphoneos*]" = "iPhone Developer";
				COPY_PHASE_STRIP = YES;
				ENABLE_NS_ASSERTIONS = NO;
				GCC_C_LANGUAGE_STANDARD = gnu99;
				GCC_WARN_64_TO_32_BIT_CONVERSION = YES;
				GCC_WARN_ABOUT_RETURN_TYPE = YES_ERROR;
				GCC_WARN_UNDECLARED_SELECTOR = YES;
				GCC_WARN_UNINITIALIZED_AUTOS = YES_AGGRESSIVE;
				GCC_WARN_UNUSED_FUNCTION = YES;
				GCC_WARN_UNUSED_VARIABLE = YES;
				IPHONEOS_DEPLOYMENT_TARGET = 7.1;
				SDKROOT = iphoneos;
				TARGETED_DEVICE_FAMILY = 2;
				VALIDATE_PRODUCT = YES;
			};
			name = Release;
		};
		1D764CF21967114F00AA80B8 /* Debug */ = {
			isa = XCBuildConfiguration;
			buildSettings = {
				ASSETCATALOG_COMPILER_APPICON_NAME = AppIcon;
				ASSETCATALOG_COMPILER_LAUNCHIMAGE_NAME = LaunchImage;
				GCC_PRECOMPILE_PREFIX_HEADER = YES;
				GCC_PREFIX_HEADER = "ConceptualMap/ConceptualMap-Prefix.pch";
				INFOPLIST_FILE = "ConceptualMap/ConceptualMap-Info.plist";
				PRODUCT_NAME = "$(TARGET_NAME)";
				WRAPPER_EXTENSION = app;
			};
			name = Debug;
		};
		1D764CF31967114F00AA80B8 /* Release */ = {
			isa = XCBuildConfiguration;
			buildSettings = {
				ASSETCATALOG_COMPILER_APPICON_NAME = AppIcon;
				ASSETCATALOG_COMPILER_LAUNCHIMAGE_NAME = LaunchImage;
				GCC_PRECOMPILE_PREFIX_HEADER = YES;
				GCC_PREFIX_HEADER = "ConceptualMap/ConceptualMap-Prefix.pch";
				INFOPLIST_FILE = "ConceptualMap/ConceptualMap-Info.plist";
				PRODUCT_NAME = "$(TARGET_NAME)";
				WRAPPER_EXTENSION = app;
			};
			name = Release;
		};
		1D764CF51967114F00AA80B8 /* Debug */ = {
			isa = XCBuildConfiguration;
			buildSettings = {
				BUNDLE_LOADER = "$(BUILT_PRODUCTS_DIR)/ConceptualMap.app/ConceptualMap";
				FRAMEWORK_SEARCH_PATHS = (
					"$(SDKROOT)/Developer/Library/Frameworks",
					"$(inherited)",
					"$(DEVELOPER_FRAMEWORKS_DIR)",
				);
				GCC_PRECOMPILE_PREFIX_HEADER = YES;
				GCC_PREFIX_HEADER = "ConceptualMap/ConceptualMap-Prefix.pch";
				GCC_PREPROCESSOR_DEFINITIONS = (
					"DEBUG=1",
					"$(inherited)",
				);
				INFOPLIST_FILE = "ConceptualMapTests/ConceptualMapTests-Info.plist";
				PRODUCT_NAME = "$(TARGET_NAME)";
				TEST_HOST = "$(BUNDLE_LOADER)";
				WRAPPER_EXTENSION = xctest;
			};
			name = Debug;
		};
		1D764CF61967114F00AA80B8 /* Release */ = {
			isa = XCBuildConfiguration;
			buildSettings = {
				BUNDLE_LOADER = "$(BUILT_PRODUCTS_DIR)/ConceptualMap.app/ConceptualMap";
				FRAMEWORK_SEARCH_PATHS = (
					"$(SDKROOT)/Developer/Library/Frameworks",
					"$(inherited)",
					"$(DEVELOPER_FRAMEWORKS_DIR)",
				);
				GCC_PRECOMPILE_PREFIX_HEADER = YES;
				GCC_PREFIX_HEADER = "ConceptualMap/ConceptualMap-Prefix.pch";
				INFOPLIST_FILE = "ConceptualMapTests/ConceptualMapTests-Info.plist";
				PRODUCT_NAME = "$(TARGET_NAME)";
				TEST_HOST = "$(BUNDLE_LOADER)";
				WRAPPER_EXTENSION = xctest;
			};
			name = Release;
		};
/* End XCBuildConfiguration section */

/* Begin XCConfigurationList section */
		1D764CC01967114F00AA80B8 /* Build configuration list for PBXProject "ConceptualMap" */ = {
			isa = XCConfigurationList;
			buildConfigurations = (
				1D764CEF1967114F00AA80B8 /* Debug */,
				1D764CF01967114F00AA80B8 /* Release */,
			);
			defaultConfigurationIsVisible = 0;
			defaultConfigurationName = Release;
		};
		1D764CF11967114F00AA80B8 /* Build configuration list for PBXNativeTarget "ConceptualMap" */ = {
			isa = XCConfigurationList;
			buildConfigurations = (
				1D764CF21967114F00AA80B8 /* Debug */,
				1D764CF31967114F00AA80B8 /* Release */,
			);
			defaultConfigurationIsVisible = 0;
		};
		1D764CF41967114F00AA80B8 /* Build configuration list for PBXNativeTarget "ConceptualMapTests" */ = {
			isa = XCConfigurationList;
			buildConfigurations = (
				1D764CF51967114F00AA80B8 /* Debug */,
				1D764CF61967114F00AA80B8 /* Release */,
			);
			defaultConfigurationIsVisible = 0;
		};
/* End XCConfigurationList section */
	};
	rootObject = 1D764CBD1967114F00AA80B8 /* Project object */;
}
